<?xml version="1.0" encoding="UTF-8"?>
<!DOCTYPE plist PUBLIC "-//Apple//DTD PLIST 1.0//EN" "http://www.apple.com/DTDs/PropertyList-1.0.dtd">
<plist version="1.0">
<dict>
	<key>archiveVersion</key>
	<string>1</string>
	<key>classes</key>
	<dict/>
	<key>objectVersion</key>
	<string>46</string>
	<key>objects</key>
	<dict>
		<key>0C13669FBBCA95EF9AFA6D66</key>
		<dict>
			<key>fileEncoding</key>
			<string>4</string>
			<key>isa</key>
			<string>PBXFileReference</string>
			<key>lastKnownFileType</key>
			<string>wrapper.framework</string>
			<key>name</key>
			<string>CoreGraphics.framework</string>
			<key>path</key>
			<string>System/Library/Frameworks/CoreGraphics.framework</string>
			<key>sourceTree</key>
			<string>SDKROOT</string>
		</dict>
		<key>224D1904C103E217D943516D</key>
		<dict>
			<key>fileEncoding</key>
			<string>4</string>
			<key>isa</key>
			<string>PBXFileReference</string>
			<key>lastKnownFileType</key>
			<string>wrapper.cfbundle</string>
			<key>name</key>
			<string>uexSearchBarView.bundle</string>
			<key>path</key>
			<string>uexSearchBarView/uexSearchBarView.bundle</string>
			<key>sourceTree</key>
			<string>&lt;group&gt;</string>
		</dict>
		<key>28FB7C6F1FF42790B7659EC5</key>
		<dict>
			<key>fileEncoding</key>
			<string>4</string>
			<key>isa</key>
			<string>PBXFileReference</string>
			<key>lastKnownFileType</key>
			<string>wrapper.framework</string>
			<key>name</key>
			<string>QuartzCore.framework</string>
			<key>path</key>
			<string>System/Library/Frameworks/QuartzCore.framework</string>
			<key>sourceTree</key>
			<string>SDKROOT</string>
		</dict>
		<key>2E203B203D449818571AA9CB</key>
		<dict>
			<key>fileRef</key>
			<string>0C13669FBBCA95EF9AFA6D66</string>
			<key>isa</key>
			<string>PBXBuildFile</string>
		</dict>
		<key>38AB10C3543670BD98300464</key>
		<dict>
			<key>fileRef</key>
			<string>224D1904C103E217D943516D</string>
			<key>isa</key>
			<string>PBXBuildFile</string>
		</dict>
		<key>3C1416CDE0BD0CBC54A2F5D9</key>
		<dict>
			<key>fileEncoding</key>
			<string>4</string>
			<key>isa</key>
			<string>PBXFileReference</string>
			<key>lastKnownFileType</key>
			<string>wrapper.framework</string>
			<key>name</key>
			<string>SystemConfiguration.framework</string>
			<key>path</key>
			<string>System/Library/Frameworks/SystemConfiguration.framework</string>
			<key>sourceTree</key>
			<string>SDKROOT</string>
		</dict>
		<key>3D095F1E6A94EB55F34635ED</key>
		<dict>
			<key>fileEncoding</key>
			<string>4</string>
			<key>isa</key>
			<string>PBXFileReference</string>
			<key>lastKnownFileType</key>
			<string>wrapper.framework</string>
			<key>name</key>
			<string>MobileCoreServices.framework</string>
			<key>path</key>
			<string>System/Library/Frameworks/MobileCoreServices.framework</string>
			<key>sourceTree</key>
			<string>SDKROOT</string>
		</dict>
		<key>400DB67F032B427AEFB8A144</key>
		<dict>
			<key>fileRef</key>
			<string>3D095F1E6A94EB55F34635ED</string>
			<key>isa</key>
			<string>PBXBuildFile</string>
		</dict>
		<key>42A5BEAC1C2BD108000D8B4E</key>
		<dict>
			<key>buildActionMask</key>
			<string>2147483647</string>
			<key>files</key>
			<array/>
			<key>isa</key>
			<string>PBXSourcesBuildPhase</string>
			<key>runOnlyForDeploymentPostprocessing</key>
			<string>0</string>
		</dict>
		<key>42A5BEAD1C2BD108000D8B4E</key>
		<dict>
			<key>buildActionMask</key>
			<string>2147483647</string>
			<key>files</key>
			<array/>
			<key>isa</key>
			<string>PBXFrameworksBuildPhase</string>
			<key>runOnlyForDeploymentPostprocessing</key>
			<string>0</string>
		</dict>
		<key>42A5BEAE1C2BD108000D8B4E</key>
		<dict>
			<key>buildActionMask</key>
			<string>2147483647</string>
			<key>files</key>
			<array>
				<string>42A5BEC11C2BD492000D8B4E</string>
				<string>42A5BEBF1C2BD492000D8B4E</string>
				<string>42A5BEC31C2BD492000D8B4E</string>
				<string>42A5BEC41C2BD492000D8B4E</string>
				<string>42A5BEC51C2BD492000D8B4E</string>
				<string>42A5BEC21C2BD492000D8B4E</string>
				<string>42A5BEC01C2BD492000D8B4E</string>
				<string>42A5BEBE1C2BD492000D8B4E</string>
			</array>
			<key>isa</key>
			<string>PBXResourcesBuildPhase</string>
			<key>runOnlyForDeploymentPostprocessing</key>
			<string>0</string>
		</dict>
		<key>42A5BEAF1C2BD108000D8B4E</key>
		<dict>
			<key>buildConfigurationList</key>
			<string>42A5BEB31C2BD108000D8B4E</string>
			<key>buildPhases</key>
			<array>
				<string>42A5BEAC1C2BD108000D8B4E</string>
				<string>42A5BEAD1C2BD108000D8B4E</string>
				<string>42A5BEAE1C2BD108000D8B4E</string>
			</array>
			<key>buildRules</key>
			<array/>
			<key>dependencies</key>
			<array/>
			<key>isa</key>
			<string>PBXNativeTarget</string>
			<key>name</key>
			<string>uexSearchBarViewBundle</string>
			<key>productName</key>
			<string>uexSearchBarViewBundle</string>
			<key>productReference</key>
			<string>42A5BEB01C2BD108000D8B4E</string>
			<key>productType</key>
			<string>com.apple.product-type.bundle</string>
		</dict>
		<key>42A5BEB01C2BD108000D8B4E</key>
		<dict>
			<key>explicitFileType</key>
			<string>wrapper.cfbundle</string>
			<key>includeInIndex</key>
			<string>0</string>
			<key>isa</key>
			<string>PBXFileReference</string>
			<key>path</key>
			<string>uexSearchBarView.bundle</string>
			<key>sourceTree</key>
			<string>BUILT_PRODUCTS_DIR</string>
		</dict>
		<key>42A5BEB11C2BD108000D8B4E</key>
		<dict>
			<key>children</key>
			<array>
				<string>42A5BEB61C2BD492000D8B4E</string>
				<string>42A5BEB71C2BD492000D8B4E</string>
				<string>42A5BEB81C2BD492000D8B4E</string>
				<string>42A5BEB91C2BD492000D8B4E</string>
				<string>42A5BEBA1C2BD492000D8B4E</string>
				<string>42A5BEBB1C2BD492000D8B4E</string>
				<string>42A5BEBC1C2BD492000D8B4E</string>
				<string>42A5BEBD1C2BD492000D8B4E</string>
			</array>
			<key>isa</key>
			<string>PBXGroup</string>
			<key>path</key>
			<string>uexSearchBarViewBundle</string>
			<key>sourceTree</key>
			<string>&lt;group&gt;</string>
		</dict>
		<key>42A5BEB31C2BD108000D8B4E</key>
		<dict>
			<key>buildConfigurations</key>
			<array>
				<string>42A5BEB41C2BD108000D8B4E</string>
				<string>42A5BEB51C2BD108000D8B4E</string>
			</array>
			<key>defaultConfigurationIsVisible</key>
			<string>0</string>
			<key>isa</key>
			<string>XCConfigurationList</string>
		</dict>
		<key>42A5BEB41C2BD108000D8B4E</key>
		<dict>
			<key>buildSettings</key>
			<dict>
				<key>CLANG_WARN_UNREACHABLE_CODE</key>
				<string>YES</string>
				<key>CODE_SIGN_IDENTITY</key>
				<string></string>
				<key>COMBINE_HIDPI_IMAGES</key>
				<string>NO</string>
				<key>DEBUG_INFORMATION_FORMAT</key>
				<string>dwarf</string>
				<key>ENABLE_STRICT_OBJC_MSGSEND</key>
				<string>YES</string>
				<key>ENABLE_TESTABILITY</key>
				<string>YES</string>
				<key>GCC_NO_COMMON_BLOCKS</key>
				<string>YES</string>
				<key>INFOPLIST_EXPAND_BUILD_SETTINGS</key>
				<string>NO</string>
				<key>INFOPLIST_FILE</key>
				<string></string>
				<key>INSTALL_PATH</key>
				<string>$(LOCAL_LIBRARY_DIR)/Bundles</string>
				<key>MACOSX_DEPLOYMENT_TARGET</key>
				<string>10.11</string>
				<key>MTL_ENABLE_DEBUG_INFO</key>
				<string>YES</string>
				<key>ONLY_ACTIVE_ARCH</key>
				<string>YES</string>
				<key>PRODUCT_BUNDLE_IDENTIFIER</key>
				<string>com.zywx.uexSearchBarViewBundle</string>
				<key>PRODUCT_NAME</key>
				<string>uexSearchBarView</string>
				<key>SDKROOT</key>
				<string>macosx</string>
				<key>SKIP_INSTALL</key>
				<string>YES</string>
				<key>WRAPPER_EXTENSION</key>
				<string>bundle</string>
			</dict>
			<key>isa</key>
			<string>XCBuildConfiguration</string>
			<key>name</key>
			<string>Debug</string>
		</dict>
		<key>42A5BEB51C2BD108000D8B4E</key>
		<dict>
			<key>buildSettings</key>
			<dict>
				<key>CLANG_WARN_UNREACHABLE_CODE</key>
				<string>YES</string>
				<key>CODE_SIGN_IDENTITY</key>
				<string></string>
				<key>COMBINE_HIDPI_IMAGES</key>
				<string>NO</string>
				<key>COPY_PHASE_STRIP</key>
				<string>NO</string>
				<key>DEBUG_INFORMATION_FORMAT</key>
				<string>dwarf</string>
				<key>ENABLE_STRICT_OBJC_MSGSEND</key>
				<string>YES</string>
				<key>GCC_NO_COMMON_BLOCKS</key>
				<string>YES</string>
				<key>INFOPLIST_EXPAND_BUILD_SETTINGS</key>
				<string>NO</string>
				<key>INFOPLIST_FILE</key>
				<string></string>
				<key>INSTALL_PATH</key>
				<string>$(LOCAL_LIBRARY_DIR)/Bundles</string>
				<key>MACOSX_DEPLOYMENT_TARGET</key>
				<string>10.11</string>
				<key>MTL_ENABLE_DEBUG_INFO</key>
				<string>NO</string>
				<key>PRODUCT_BUNDLE_IDENTIFIER</key>
				<string>com.zywx.uexSearchBarViewBundle</string>
				<key>PRODUCT_NAME</key>
				<string>uexSearchBarView</string>
				<key>SDKROOT</key>
				<string>macosx</string>
				<key>SKIP_INSTALL</key>
				<string>YES</string>
				<key>WRAPPER_EXTENSION</key>
				<string>bundle</string>
			</dict>
			<key>isa</key>
			<string>XCBuildConfiguration</string>
			<key>name</key>
			<string>Release</string>
		</dict>
		<key>42A5BEB61C2BD492000D8B4E</key>
		<dict>
			<key>isa</key>
			<string>PBXFileReference</string>
			<key>lastKnownFileType</key>
			<string>image.png</string>
			<key>path</key>
			<string>uexSearchBar_plugin_clearhistory@2x.png</string>
			<key>sourceTree</key>
			<string>&lt;group&gt;</string>
		</dict>
		<key>42A5BEB71C2BD492000D8B4E</key>
		<dict>
			<key>isa</key>
			<string>PBXFileReference</string>
			<key>lastKnownFileType</key>
			<string>image.png</string>
			<key>path</key>
			<string>uexSearchBar_plugin_clearhistory@3x.png</string>
			<key>sourceTree</key>
			<string>&lt;group&gt;</string>
		</dict>
		<key>42A5BEB81C2BD492000D8B4E</key>
		<dict>
			<key>isa</key>
			<string>PBXFileReference</string>
			<key>lastKnownFileType</key>
			<string>image.png</string>
			<key>path</key>
			<string>uexSearchBar_plugin_SearchBar_First@2x.png</string>
			<key>sourceTree</key>
			<string>&lt;group&gt;</string>
		</dict>
		<key>42A5BEB91C2BD492000D8B4E</key>
		<dict>
			<key>isa</key>
			<string>PBXFileReference</string>
			<key>lastKnownFileType</key>
			<string>image.png</string>
			<key>path</key>
			<string>uexSearchBar_plugin_SearchBar_First@3x.png</string>
			<key>sourceTree</key>
			<string>&lt;group&gt;</string>
		</dict>
		<key>42A5BEBA1C2BD492000D8B4E</key>
		<dict>
			<key>isa</key>
			<string>PBXFileReference</string>
			<key>lastKnownFileType</key>
			<string>image.png</string>
			<key>path</key>
			<string>uexSearchBar_plugin_Searchbg@2x.png</string>
			<key>sourceTree</key>
			<string>&lt;group&gt;</string>
		</dict>
		<key>42A5BEBB1C2BD492000D8B4E</key>
		<dict>
			<key>isa</key>
			<string>PBXFileReference</string>
			<key>lastKnownFileType</key>
			<string>image.png</string>
			<key>path</key>
			<string>uexSearchBar_plugin_Searchbg@3x.png</string>
			<key>sourceTree</key>
			<string>&lt;group&gt;</string>
		</dict>
		<key>42A5BEBC1C2BD492000D8B4E</key>
		<dict>
			<key>isa</key>
			<string>PBXFileReference</string>
			<key>lastKnownFileType</key>
			<string>image.png</string>
			<key>path</key>
			<string>uexSearchBar_plugin_SearchIcon@2x.png</string>
			<key>sourceTree</key>
			<string>&lt;group&gt;</string>
		</dict>
		<key>42A5BEBD1C2BD492000D8B4E</key>
		<dict>
			<key>isa</key>
			<string>PBXFileReference</string>
			<key>lastKnownFileType</key>
			<string>image.png</string>
			<key>path</key>
			<string>uexSearchBar_plugin_SearchIcon@3x.png</string>
			<key>sourceTree</key>
			<string>&lt;group&gt;</string>
		</dict>
		<key>42A5BEBE1C2BD492000D8B4E</key>
		<dict>
			<key>fileRef</key>
			<string>42A5BEB61C2BD492000D8B4E</string>
			<key>isa</key>
			<string>PBXBuildFile</string>
		</dict>
		<key>42A5BEBF1C2BD492000D8B4E</key>
		<dict>
			<key>fileRef</key>
			<string>42A5BEB71C2BD492000D8B4E</string>
			<key>isa</key>
			<string>PBXBuildFile</string>
		</dict>
		<key>42A5BEC01C2BD492000D8B4E</key>
		<dict>
			<key>fileRef</key>
			<string>42A5BEB81C2BD492000D8B4E</string>
			<key>isa</key>
			<string>PBXBuildFile</string>
		</dict>
		<key>42A5BEC11C2BD492000D8B4E</key>
		<dict>
			<key>fileRef</key>
			<string>42A5BEB91C2BD492000D8B4E</string>
			<key>isa</key>
			<string>PBXBuildFile</string>
		</dict>
		<key>42A5BEC21C2BD492000D8B4E</key>
		<dict>
			<key>fileRef</key>
			<string>42A5BEBA1C2BD492000D8B4E</string>
			<key>isa</key>
			<string>PBXBuildFile</string>
		</dict>
		<key>42A5BEC31C2BD492000D8B4E</key>
		<dict>
			<key>fileRef</key>
			<string>42A5BEBB1C2BD492000D8B4E</string>
			<key>isa</key>
			<string>PBXBuildFile</string>
		</dict>
		<key>42A5BEC41C2BD492000D8B4E</key>
		<dict>
			<key>fileRef</key>
			<string>42A5BEBC1C2BD492000D8B4E</string>
			<key>isa</key>
			<string>PBXBuildFile</string>
		</dict>
		<key>42A5BEC51C2BD492000D8B4E</key>
		<dict>
			<key>fileRef</key>
			<string>42A5BEBD1C2BD492000D8B4E</string>
			<key>isa</key>
			<string>PBXBuildFile</string>
		</dict>
		<key>46FBCC8DB9ED4F4920725D84</key>
		<dict>
			<key>children</key>
			<array>
				<string>AF0B8C606EFE486F13E615F7</string>
				<string>DC140E6F85A45CF945715F1C</string>
			</array>
			<key>isa</key>
			<string>PBXGroup</string>
			<key>path</key>
			<string>AppCanEngine</string>
			<key>sourceTree</key>
			<string>&lt;group&gt;</string>
		</dict>
		<key>4EE088455804FD676D38BE7A</key>
		<dict>
			<key>fileRef</key>
			<string>89B9F74814A767764DDE1066</string>
			<key>isa</key>
			<string>PBXBuildFile</string>
		</dict>
		<key>5CD8C499C6B3DEBB879E7B29</key>
		<dict>
			<key>fileRef</key>
			<string>75E040F784C9F24898EAC18A</string>
			<key>isa</key>
			<string>PBXBuildFile</string>
		</dict>
		<key>5D0E629A3E575FEF3659338D</key>
		<dict>
			<key>fileRef</key>
			<string>FF4A3B7374E38036927B8668</string>
			<key>isa</key>
			<string>PBXBuildFile</string>
		</dict>
		<key>65232907255FC5EF7874EA48</key>
		<dict>
			<key>fileRef</key>
			<string>224D1904C103E217D943516D</string>
			<key>isa</key>
			<string>PBXBuildFile</string>
		</dict>
		<key>656E66316696971D6F655436</key>
		<dict>
			<key>fileRef</key>
			<string>AF0B8C606EFE486F13E615F7</string>
			<key>isa</key>
			<string>PBXBuildFile</string>
		</dict>
		<key>674CBF59447122D8AB87FFB3</key>
		<dict>
			<key>fileEncoding</key>
			<string>4</string>
			<key>isa</key>
			<string>PBXFileReference</string>
			<key>lastKnownFileType</key>
			<string>wrapper.framework</string>
			<key>name</key>
			<string>CFNetWork.framework</string>
			<key>path</key>
			<string>System/Library/Frameworks/CFNetWork.framework</string>
			<key>sourceTree</key>
			<string>SDKROOT</string>
		</dict>
		<key>6EA84EBD1AA058EC008C0905</key>
		<dict>
			<key>fileEncoding</key>
			<string>4</string>
			<key>isa</key>
			<string>PBXFileReference</string>
			<key>lastKnownFileType</key>
			<string>sourcecode.c.h</string>
			<key>name</key>
			<string>EUExSearchBarView.h</string>
			<key>path</key>
			<string>EUExSearchBarView/EUExSearchBarView.h</string>
			<key>sourceTree</key>
			<string>&lt;group&gt;</string>
		</dict>
		<key>6EA84EBE1AA058EC008C0905</key>
		<dict>
			<key>fileEncoding</key>
			<string>4</string>
			<key>isa</key>
			<string>PBXFileReference</string>
			<key>lastKnownFileType</key>
			<string>sourcecode.c.objc</string>
			<key>name</key>
			<string>EUExSearchBarView.m</string>
			<key>path</key>
			<string>EUExSearchBarView/EUExSearchBarView.m</string>
			<key>sourceTree</key>
			<string>&lt;group&gt;</string>
		</dict>
		<key>6EA84EBF1AA058EC008C0905</key>
		<dict>
			<key>fileEncoding</key>
			<string>4</string>
			<key>isa</key>
			<string>PBXFileReference</string>
			<key>lastKnownFileType</key>
			<string>sourcecode.c.h</string>
			<key>name</key>
			<string>SearchBarTableViewCell.h</string>
			<key>path</key>
			<string>EUExSearchBarView/SearchBarTableViewCell.h</string>
			<key>sourceTree</key>
			<string>&lt;group&gt;</string>
		</dict>
		<key>6EA84EC01AA058EC008C0905</key>
		<dict>
			<key>fileEncoding</key>
			<string>4</string>
			<key>isa</key>
			<string>PBXFileReference</string>
			<key>lastKnownFileType</key>
			<string>sourcecode.c.objc</string>
			<key>name</key>
			<string>SearchBarTableViewCell.m</string>
			<key>path</key>
			<string>EUExSearchBarView/SearchBarTableViewCell.m</string>
			<key>sourceTree</key>
			<string>&lt;group&gt;</string>
		</dict>
		<key>6EA84EC11AA058EC008C0905</key>
		<dict>
			<key>fileRef</key>
			<string>6EA84EBE1AA058EC008C0905</string>
			<key>isa</key>
			<string>PBXBuildFile</string>
		</dict>
		<key>6EA84EC21AA058EC008C0905</key>
		<dict>
			<key>fileRef</key>
			<string>6EA84EC01AA058EC008C0905</string>
			<key>isa</key>
			<string>PBXBuildFile</string>
		</dict>
		<key>6EE004B91A6C032300BD3711</key>
		<dict>
			<key>children</key>
			<array>
				<string>6EE004C71A6C032300BD3711</string>
				<string>42A5BEB11C2BD108000D8B4E</string>
				<string>6EE004C41A6C032300BD3711</string>
				<string>6EE004C31A6C032300BD3711</string>
				<string>F7BF1B86BA19DADD3F434879</string>
				<string>46FBCC8DB9ED4F4920725D84</string>
				<string>224D1904C103E217D943516D</string>
			</array>
			<key>isa</key>
			<string>PBXGroup</string>
			<key>sourceTree</key>
			<string>&lt;group&gt;</string>
		</dict>
		<key>6EE004BA1A6C032300BD3711</key>
		<dict>
			<key>attributes</key>
			<dict>
				<key>LastUpgradeCheck</key>
				<string>0510</string>
				<key>ORGANIZATIONNAME</key>
				<string>hongbao.cui</string>
				<key>TargetAttributes</key>
				<dict>
					<key>42A5BEAF1C2BD108000D8B4E</key>
					<dict>
						<key>CreatedOnToolsVersion</key>
						<string>7.2</string>
					</dict>
				</dict>
			</dict>
			<key>buildConfigurationList</key>
			<string>6EE004BD1A6C032300BD3711</string>
			<key>compatibilityVersion</key>
			<string>Xcode 3.2</string>
			<key>developmentRegion</key>
			<string>English</string>
			<key>hasScannedForEncodings</key>
			<string>0</string>
			<key>isa</key>
			<string>PBXProject</string>
			<key>knownRegions</key>
			<array>
				<string>en</string>
			</array>
			<key>mainGroup</key>
			<string>6EE004B91A6C032300BD3711</string>
			<key>productRefGroup</key>
			<string>6EE004C31A6C032300BD3711</string>
			<key>projectDirPath</key>
			<string></string>
			<key>projectRoot</key>
			<string></string>
			<key>targets</key>
			<array>
				<string>6EE004C11A6C032300BD3711</string>
				<string>42A5BEAF1C2BD108000D8B4E</string>
			</array>
		</dict>
		<key>6EE004BD1A6C032300BD3711</key>
		<dict>
			<key>buildConfigurations</key>
			<array>
				<string>6EE004E31A6C032300BD3711</string>
				<string>6EE004E41A6C032300BD3711</string>
			</array>
			<key>defaultConfigurationIsVisible</key>
			<string>0</string>
			<key>defaultConfigurationName</key>
			<string>Release</string>
			<key>isa</key>
			<string>XCConfigurationList</string>
		</dict>
		<key>6EE004BE1A6C032300BD3711</key>
		<dict>
			<key>buildActionMask</key>
			<string>2147483647</string>
			<key>files</key>
			<array>
				<string>C656810A1B15B301003AB65E</string>
				<string>6EA84EC21AA058EC008C0905</string>
				<string>6EA84EC11AA058EC008C0905</string>
			</array>
			<key>isa</key>
			<string>PBXSourcesBuildPhase</string>
			<key>runOnlyForDeploymentPostprocessing</key>
			<string>0</string>
		</dict>
		<key>6EE004BF1A6C032300BD3711</key>
		<dict>
			<key>buildActionMask</key>
			<string>2147483647</string>
			<key>files</key>
			<array>
				<string>6EE004C61A6C032300BD3711</string>
				<string>5D0E629A3E575FEF3659338D</string>
				<string>E6A47B5360F37DFB003AF013</string>
				<string>DD6DB3BCF079AD5ABD3D8B09</string>
				<string>BCC4690FB85DB447F70D4C33</string>
				<string>EADCFD0CB4DE4EC5FA68D88D</string>
				<string>400DB67F032B427AEFB8A144</string>
				<string>851AF58AC0493B3F210ABA04</string>
				<string>2E203B203D449818571AA9CB</string>
				<string>75E53177E5A2AFC7EB4DA697</string>
				<string>5CD8C499C6B3DEBB879E7B29</string>
				<string>4EE088455804FD676D38BE7A</string>
				<string>91ABA7D16AFA51FCCF0B8813</string>
				<string>A497B5B9FAEF4F0E6A2AC56A</string>
				<string>656E66316696971D6F655436</string>
			</array>
			<key>isa</key>
			<string>PBXFrameworksBuildPhase</string>
			<key>runOnlyForDeploymentPostprocessing</key>
			<string>0</string>
		</dict>
		<key>6EE004C11A6C032300BD3711</key>
		<dict>
			<key>buildConfigurationList</key>
			<string>6EE004E51A6C032300BD3711</string>
			<key>buildPhases</key>
			<array>
				<string>6EE004BE1A6C032300BD3711</string>
				<string>6EE004BF1A6C032300BD3711</string>
				<string>86ADDC6F484314B3CAD2F921</string>
			</array>
			<key>buildRules</key>
			<array/>
			<key>dependencies</key>
			<array/>
			<key>isa</key>
			<string>PBXNativeTarget</string>
			<key>name</key>
			<string>EUExSearchBarView</string>
			<key>productName</key>
			<string>EUExSearchBarView</string>
			<key>productReference</key>
			<string>6EE004C21A6C032300BD3711</string>
			<key>productType</key>
			<string>com.apple.product-type.framework</string>
		</dict>
		<key>6EE004C21A6C032300BD3711</key>
		<dict>
			<key>explicitFileType</key>
			<string>archive.ar</string>
			<key>includeInIndex</key>
			<string>0</string>
			<key>isa</key>
			<string>PBXFileReference</string>
			<key>name</key>
			<string>uexSearchBarView.framework</string>
			<key>path</key>
			<string>uexSearchBarView.framework</string>
			<key>sourceTree</key>
			<string>BUILT_PRODUCTS_DIR</string>
		</dict>
		<key>6EE004C31A6C032300BD3711</key>
		<dict>
			<key>children</key>
			<array>
				<string>6EE004C21A6C032300BD3711</string>
				<string>42A5BEB01C2BD108000D8B4E</string>
			</array>
			<key>isa</key>
			<string>PBXGroup</string>
			<key>name</key>
			<string>Products</string>
			<key>sourceTree</key>
			<string>&lt;group&gt;</string>
		</dict>
		<key>6EE004C41A6C032300BD3711</key>
		<dict>
			<key>children</key>
			<array>
				<string>6EE004C51A6C032300BD3711</string>
				<string>6EE004D31A6C032300BD3711</string>
				<string>6EE004D61A6C032300BD3711</string>
			</array>
			<key>isa</key>
			<string>PBXGroup</string>
			<key>name</key>
			<string>Frameworks</string>
			<key>sourceTree</key>
			<string>&lt;group&gt;</string>
		</dict>
		<key>6EE004C51A6C032300BD3711</key>
		<dict>
			<key>isa</key>
			<string>PBXFileReference</string>
			<key>lastKnownFileType</key>
			<string>wrapper.framework</string>
			<key>name</key>
			<string>Foundation.framework</string>
			<key>path</key>
			<string>System/Library/Frameworks/Foundation.framework</string>
			<key>sourceTree</key>
			<string>SDKROOT</string>
		</dict>
		<key>6EE004C61A6C032300BD3711</key>
		<dict>
			<key>fileRef</key>
			<string>6EE004C51A6C032300BD3711</string>
			<key>isa</key>
			<string>PBXBuildFile</string>
		</dict>
		<key>6EE004C71A6C032300BD3711</key>
		<dict>
			<key>children</key>
			<array>
				<string>C65681081B15B301003AB65E</string>
				<string>C65681091B15B301003AB65E</string>
				<string>6EA84EBD1AA058EC008C0905</string>
				<string>6EA84EBE1AA058EC008C0905</string>
				<string>6EA84EBF1AA058EC008C0905</string>
				<string>6EA84EC01AA058EC008C0905</string>
				<string>6EE004F11A6C037000BD3711</string>
				<string>6EE004C81A6C032300BD3711</string>
			</array>
			<key>isa</key>
			<string>PBXGroup</string>
			<key>path</key>
			<string>EUExSearchBarView</string>
			<key>sourceTree</key>
			<string>&lt;group&gt;</string>
		</dict>
		<key>6EE004C81A6C032300BD3711</key>
		<dict>
			<key>children</key>
			<array>
				<string>6EE004C91A6C032300BD3711</string>
			</array>
			<key>isa</key>
			<string>PBXGroup</string>
			<key>name</key>
			<string>Supporting Files</string>
			<key>sourceTree</key>
			<string>&lt;group&gt;</string>
		</dict>
		<key>6EE004C91A6C032300BD3711</key>
		<dict>
			<key>isa</key>
			<string>PBXFileReference</string>
			<key>lastKnownFileType</key>
			<string>sourcecode.c.h</string>
			<key>path</key>
			<string>EUExSearchBarView-Prefix.pch</string>
			<key>sourceTree</key>
			<string>&lt;group&gt;</string>
		</dict>
		<key>6EE004D31A6C032300BD3711</key>
		<dict>
			<key>isa</key>
			<string>PBXFileReference</string>
			<key>lastKnownFileType</key>
			<string>wrapper.framework</string>
			<key>name</key>
			<string>XCTest.framework</string>
			<key>path</key>
			<string>Library/Frameworks/XCTest.framework</string>
			<key>sourceTree</key>
			<string>DEVELOPER_DIR</string>
		</dict>
		<key>6EE004D61A6C032300BD3711</key>
		<dict>
			<key>isa</key>
			<string>PBXFileReference</string>
			<key>lastKnownFileType</key>
			<string>wrapper.framework</string>
			<key>name</key>
			<string>UIKit.framework</string>
			<key>path</key>
			<string>Library/Frameworks/UIKit.framework</string>
			<key>sourceTree</key>
			<string>DEVELOPER_DIR</string>
		</dict>
		<key>6EE004E31A6C032300BD3711</key>
		<dict>
			<key>buildSettings</key>
			<dict>
				<key>ALWAYS_SEARCH_USER_PATHS</key>
				<string>NO</string>
				<key>CLANG_CXX_LANGUAGE_STANDARD</key>
				<string>gnu++0x</string>
				<key>CLANG_CXX_LIBRARY</key>
				<string>libc++</string>
				<key>CLANG_ENABLE_MODULES</key>
				<string>YES</string>
				<key>CLANG_ENABLE_OBJC_ARC</key>
				<string>YES</string>
				<key>CLANG_WARN_BOOL_CONVERSION</key>
				<string>YES</string>
				<key>CLANG_WARN_CONSTANT_CONVERSION</key>
				<string>YES</string>
				<key>CLANG_WARN_DIRECT_OBJC_ISA_USAGE</key>
				<string>YES_ERROR</string>
				<key>CLANG_WARN_EMPTY_BODY</key>
				<string>YES</string>
				<key>CLANG_WARN_ENUM_CONVERSION</key>
				<string>YES</string>
				<key>CLANG_WARN_INT_CONVERSION</key>
				<string>YES</string>
				<key>CLANG_WARN_OBJC_ROOT_CLASS</key>
				<string>YES_ERROR</string>
				<key>CLANG_WARN__DUPLICATE_METHOD_MATCH</key>
				<string>YES</string>
				<key>CONFIGURATION_BUILD_DIR</key>
				<string>$(SRCROOT)/uexSearchBarView</string>
				<key>COPY_PHASE_STRIP</key>
				<string>NO</string>
				<key>DEBUG_INFORMATION_FORMAT</key>
				<string>dwarf</string>
				<key>GCC_C_LANGUAGE_STANDARD</key>
				<string>gnu99</string>
				<key>GCC_DYNAMIC_NO_PIC</key>
				<string>NO</string>
				<key>GCC_OPTIMIZATION_LEVEL</key>
				<string>0</string>
				<key>GCC_PREPROCESSOR_DEFINITIONS</key>
				<array>
					<string>DEBUG=1</string>
					<string>$(inherited)</string>
				</array>
				<key>GCC_SYMBOLS_PRIVATE_EXTERN</key>
				<string>NO</string>
				<key>GCC_WARN_64_TO_32_BIT_CONVERSION</key>
				<string>YES</string>
				<key>GCC_WARN_ABOUT_RETURN_TYPE</key>
				<string>YES_ERROR</string>
				<key>GCC_WARN_UNDECLARED_SELECTOR</key>
				<string>YES</string>
				<key>GCC_WARN_UNINITIALIZED_AUTOS</key>
				<string>YES_AGGRESSIVE</string>
				<key>GCC_WARN_UNUSED_FUNCTION</key>
				<string>YES</string>
				<key>GCC_WARN_UNUSED_VARIABLE</key>
				<string>YES</string>
				<key>IPHONEOS_DEPLOYMENT_TARGET</key>
				<string>8.0</string>
				<key>ONLY_ACTIVE_ARCH</key>
				<string>NO</string>
				<key>PRODUCT_NAME</key>
				<string>uexSearchBarView</string>
				<key>SDKROOT</key>
				<string>iphoneos</string>
				<key>TARGETED_DEVICE_FAMILY</key>
				<string>1,2</string>
			</dict>
			<key>isa</key>
			<string>XCBuildConfiguration</string>
			<key>name</key>
			<string>Debug</string>
		</dict>
		<key>6EE004E41A6C032300BD3711</key>
		<dict>
			<key>buildSettings</key>
			<dict>
				<key>ALWAYS_SEARCH_USER_PATHS</key>
				<string>NO</string>
				<key>CLANG_CXX_LANGUAGE_STANDARD</key>
				<string>gnu++0x</string>
				<key>CLANG_CXX_LIBRARY</key>
				<string>libc++</string>
				<key>CLANG_ENABLE_MODULES</key>
				<string>YES</string>
				<key>CLANG_ENABLE_OBJC_ARC</key>
				<string>YES</string>
				<key>CLANG_WARN_BOOL_CONVERSION</key>
				<string>YES</string>
				<key>CLANG_WARN_CONSTANT_CONVERSION</key>
				<string>YES</string>
				<key>CLANG_WARN_DIRECT_OBJC_ISA_USAGE</key>
				<string>YES_ERROR</string>
				<key>CLANG_WARN_EMPTY_BODY</key>
				<string>YES</string>
				<key>CLANG_WARN_ENUM_CONVERSION</key>
				<string>YES</string>
				<key>CLANG_WARN_INT_CONVERSION</key>
				<string>YES</string>
				<key>CLANG_WARN_OBJC_ROOT_CLASS</key>
				<string>YES_ERROR</string>
				<key>CLANG_WARN__DUPLICATE_METHOD_MATCH</key>
				<string>YES</string>
				<key>CONFIGURATION_BUILD_DIR</key>
				<string>$(SRCROOT)/uexSearchBarView</string>
				<key>COPY_PHASE_STRIP</key>
				<string>YES</string>
				<key>DEBUG_INFORMATION_FORMAT</key>
				<string>dwarf</string>
				<key>ENABLE_NS_ASSERTIONS</key>
				<string>NO</string>
				<key>GCC_C_LANGUAGE_STANDARD</key>
				<string>gnu99</string>
				<key>GCC_WARN_64_TO_32_BIT_CONVERSION</key>
				<string>YES</string>
				<key>GCC_WARN_ABOUT_RETURN_TYPE</key>
				<string>YES_ERROR</string>
				<key>GCC_WARN_UNDECLARED_SELECTOR</key>
				<string>YES</string>
				<key>GCC_WARN_UNINITIALIZED_AUTOS</key>
				<string>YES_AGGRESSIVE</string>
				<key>GCC_WARN_UNUSED_FUNCTION</key>
				<string>YES</string>
				<key>GCC_WARN_UNUSED_VARIABLE</key>
				<string>YES</string>
				<key>IPHONEOS_DEPLOYMENT_TARGET</key>
				<string>8.0</string>
				<key>PRODUCT_NAME</key>
				<string>uexSearchBarView</string>
				<key>SDKROOT</key>
				<string>iphoneos</string>
				<key>TARGETED_DEVICE_FAMILY</key>
				<string>1,2</string>
				<key>VALIDATE_PRODUCT</key>
				<string>YES</string>
			</dict>
			<key>isa</key>
			<string>XCBuildConfiguration</string>
			<key>name</key>
			<string>Release</string>
		</dict>
		<key>6EE004E51A6C032300BD3711</key>
		<dict>
			<key>buildConfigurations</key>
			<array>
				<string>6EE004E61A6C032300BD3711</string>
				<string>6EE004E71A6C032300BD3711</string>
			</array>
			<key>defaultConfigurationIsVisible</key>
			<string>0</string>
			<key>defaultConfigurationName</key>
			<string>Release</string>
			<key>isa</key>
			<string>XCConfigurationList</string>
		</dict>
		<key>6EE004E61A6C032300BD3711</key>
		<dict>
			<key>buildSettings</key>
			<dict>
				<key>ARCHS</key>
				<array>
					<string>armv7</string>
					<string>armv7s</string>
					<string>arm64</string>
				</array>
				<key>BUNDLE_IDENTIFIER</key>
				<string>com.appcan.ide</string>
				<key>CLANG_ENABLE_OBJC_ARC</key>
				<string>NO</string>
				<key>CODE_SIGN_IDENTITY</key>
				<string>iPhone Distribution: Hangzhou Sea King Biological Technology Co., Ltd.</string>
				<key>CONFIGURATION_BUILD_DIR</key>
				<string>$(SRCROOT)/uexSearchBarView/IDE/</string>
				<key>DEBUG_INFORMATION_FORMAT</key>
				<string>dwarf</string>
				<key>DEFINES_MODULE</key>
				<string>YES</string>
				<key>DSTROOT</key>
				<string>/tmp/EUExSearchBarView.dst</string>
				<key>DYLIB_COMPATIBILITY_VERSION</key>
				<string>1</string>
				<key>DYLIB_CURRENT_VERSION</key>
				<string>1</string>
				<key>DYLIB_INSTALL_NAME_BASE</key>
				<string>@rpath</string>
				<key>ENABLE_BITCODE</key>
				<string>NO</string>
				<key>FRAMEWORK_SEARCH_PATHS</key>
				<array>
					<string>$(PROJECT_DIR)</string>
					<string>$(SRCROOT)/../../AppCanPluginTools-iOS/resource/IDEPluginProjectPackageResource</string>
				</array>
				<key>GCC_PRECOMPILE_PREFIX_HEADER</key>
				<string>YES</string>
				<key>GCC_PREFIX_HEADER</key>
				<string>EUExSearchBarView/EUExSearchBarView-Prefix.pch</string>
				<key>HEADER_SEARCH_PATHS</key>
				<array>
					<string>$(SRCROOT)/../../AppCanPluginTools-iOS/resource/IDEPluginProjectPackageResource</string>
				</array>
				<key>INFOPLIST_FILE</key>
				<string>$(SRCROOT)/../../AppCanPluginTools-iOS/resource/IDEPluginProjectPackageResource/info.plist</string>
				<key>INSTALL_PATH</key>
				<string>$(LOCAL_LIBRARY_DIR)/Frameworks</string>
				<key>IPHONEOS_DEPLOYMENT_TARGET</key>
				<string>8.0</string>
				<key>LD_RUNPATH_SEARCH_PATHS</key>
				<array>
					<string>$(inherited)</string>
					<string>@executable_path/Frameworks</string>
					<string>@executable_path</string>
					<string>@loader_path/Frameworks</string>
					<string>@loader_path</string>
				</array>
				<key>LIBRARY_SEARCH_PATHS</key>
				<array>
					<string>$(inherited)</string>
					<string>$(SRCROOT)/../../AppCanPluginTools-iOS/resource/IDEPluginProjectPackageResource</string>
				</array>
				<key>ONLY_ACTIVE_ARCH</key>
				<string>NO</string>
				<key>OTHER_LDFLAGS</key>
				<string>-ObjC</string>
				<key>PRODUCT_NAME</key>
				<string>uexSearchBarView</string>
				<key>PROVISIONING_PROFILE</key>
				<string>756a3ff2-be53-4d08-862a-c050d0dfa3d9</string>
				<key>SKIP_INSTALL</key>
				<string>YES</string>
			</dict>
			<key>isa</key>
			<string>XCBuildConfiguration</string>
			<key>name</key>
			<string>Debug</string>
		</dict>
		<key>6EE004E71A6C032300BD3711</key>
		<dict>
			<key>buildSettings</key>
			<dict>
				<key>ARCHS</key>
				<array>
					<string>armv7</string>
					<string>armv7s</string>
					<string>arm64</string>
				</array>
				<key>BUNDLE_IDENTIFIER</key>
				<string>com.appcan.ide</string>
				<key>CLANG_ENABLE_OBJC_ARC</key>
				<string>NO</string>
				<key>CODE_SIGN_IDENTITY</key>
				<string>iPhone Distribution: Hangzhou Sea King Biological Technology Co., Ltd.</string>
				<key>CONFIGURATION_BUILD_DIR</key>
				<string>$(SRCROOT)/uexSearchBarView/IDE/</string>
				<key>DEBUG_INFORMATION_FORMAT</key>
				<string>dwarf</string>
				<key>DEFINES_MODULE</key>
				<string>YES</string>
				<key>DSTROOT</key>
				<string>/tmp/EUExSearchBarView.dst</string>
				<key>DYLIB_COMPATIBILITY_VERSION</key>
				<string>1</string>
				<key>DYLIB_CURRENT_VERSION</key>
				<string>1</string>
				<key>DYLIB_INSTALL_NAME_BASE</key>
				<string>@rpath</string>
				<key>ENABLE_BITCODE</key>
				<string>NO</string>
				<key>FRAMEWORK_SEARCH_PATHS</key>
				<array>
					<string>$(PROJECT_DIR)</string>
					<string>$(SRCROOT)/../../AppCanPluginTools-iOS/resource/IDEPluginProjectPackageResource</string>
				</array>
				<key>GCC_PRECOMPILE_PREFIX_HEADER</key>
				<string>YES</string>
				<key>GCC_PREFIX_HEADER</key>
				<string>EUExSearchBarView/EUExSearchBarView-Prefix.pch</string>
				<key>HEADER_SEARCH_PATHS</key>
				<array>
					<string>$(SRCROOT)/../../AppCanPluginTools-iOS/resource/IDEPluginProjectPackageResource</string>
				</array>
				<key>INFOPLIST_FILE</key>
				<string>$(SRCROOT)/../../AppCanPluginTools-iOS/resource/IDEPluginProjectPackageResource/info.plist</string>
				<key>INSTALL_PATH</key>
				<string>$(LOCAL_LIBRARY_DIR)/Frameworks</string>
				<key>IPHONEOS_DEPLOYMENT_TARGET</key>
				<string>8.0</string>
				<key>LD_RUNPATH_SEARCH_PATHS</key>
				<array>
					<string>$(inherited)</string>
					<string>@executable_path/Frameworks</string>
					<string>@executable_path</string>
					<string>@loader_path/Frameworks</string>
					<string>@loader_path</string>
				</array>
				<key>LIBRARY_SEARCH_PATHS</key>
				<array>
					<string>$(inherited)</string>
					<string>$(SRCROOT)/../../AppCanPluginTools-iOS/resource/IDEPluginProjectPackageResource</string>
				</array>
				<key>ONLY_ACTIVE_ARCH</key>
				<string>NO</string>
				<key>OTHER_LDFLAGS</key>
				<string>-ObjC</string>
				<key>PRODUCT_NAME</key>
				<string>uexSearchBarView</string>
				<key>PROVISIONING_PROFILE</key>
				<string>756a3ff2-be53-4d08-862a-c050d0dfa3d9</string>
				<key>SKIP_INSTALL</key>
				<string>YES</string>
			</dict>
			<key>isa</key>
			<string>XCBuildConfiguration</string>
			<key>name</key>
			<string>Release</string>
		</dict>
		<key>6EE004F11A6C037000BD3711</key>
		<dict>
			<key>children</key>
			<array>
				<string>6EE004F21A6C037000BD3711</string>
				<string>6EE004F31A6C037000BD3711</string>
				<string>6EE004F41A6C037000BD3711</string>
				<string>6EE004F51A6C037000BD3711</string>
				<string>6EE004F71A6C037000BD3711</string>
				<string>6EE005051A6C037000BD3711</string>
			</array>
			<key>isa</key>
			<string>PBXGroup</string>
			<key>path</key>
			<string>engineHeader</string>
			<key>sourceTree</key>
			<string>&lt;group&gt;</string>
		</dict>
		<key>6EE004F21A6C037000BD3711</key>
		<dict>
			<key>fileEncoding</key>
			<string>4</string>
			<key>isa</key>
			<string>PBXFileReference</string>
			<key>lastKnownFileType</key>
			<string>sourcecode.c.h</string>
			<key>path</key>
			<string>EUExBase.h</string>
			<key>sourceTree</key>
			<string>&lt;group&gt;</string>
		</dict>
		<key>6EE004F31A6C037000BD3711</key>
		<dict>
			<key>fileEncoding</key>
			<string>4</string>
			<key>isa</key>
			<string>PBXFileReference</string>
			<key>lastKnownFileType</key>
			<string>sourcecode.c.h</string>
			<key>path</key>
			<string>EUExBaseDefine.h</string>
			<key>sourceTree</key>
			<string>&lt;group&gt;</string>
		</dict>
		<key>6EE004F41A6C037000BD3711</key>
		<dict>
			<key>fileEncoding</key>
			<string>4</string>
			<key>isa</key>
			<string>PBXFileReference</string>
			<key>lastKnownFileType</key>
			<string>sourcecode.c.h</string>
			<key>path</key>
			<string>EUtility.h</string>
			<key>sourceTree</key>
			<string>&lt;group&gt;</string>
		</dict>
		<key>6EE004F51A6C037000BD3711</key>
		<dict>
			<key>fileEncoding</key>
			<string>4</string>
			<key>isa</key>
			<string>PBXFileReference</string>
			<key>lastKnownFileType</key>
			<string>sourcecode.c.h</string>
			<key>path</key>
			<string>JSON.h</string>
			<key>sourceTree</key>
			<string>&lt;group&gt;</string>
		</dict>
		<key>6EE004F71A6C037000BD3711</key>
		<dict>
			<key>children</key>
			<array>
				<string>6EE004F81A6C037000BD3711</string>
				<string>6EE004F91A6C037000BD3711</string>
				<string>6EE004FA1A6C037000BD3711</string>
				<string>6EE004FB1A6C037000BD3711</string>
				<string>6EE004FC1A6C037000BD3711</string>
				<string>6EE004FD1A6C037000BD3711</string>
				<string>6EE004FE1A6C037000BD3711</string>
				<string>6EE004FF1A6C037000BD3711</string>
				<string>6EE005001A6C037000BD3711</string>
				<string>6EE005011A6C037000BD3711</string>
				<string>6EE005021A6C037000BD3711</string>
				<string>6EE005031A6C037000BD3711</string>
				<string>6EE005041A6C037000BD3711</string>
			</array>
			<key>isa</key>
			<string>PBXGroup</string>
			<key>path</key>
			<string>SBJson</string>
			<key>sourceTree</key>
			<string>&lt;group&gt;</string>
		</dict>
		<key>6EE004F81A6C037000BD3711</key>
		<dict>
			<key>fileEncoding</key>
			<string>4</string>
			<key>isa</key>
			<string>PBXFileReference</string>
			<key>lastKnownFileType</key>
			<string>sourcecode.c.h</string>
			<key>path</key>
			<string>NSObject+SBJson.h</string>
			<key>sourceTree</key>
			<string>&lt;group&gt;</string>
		</dict>
		<key>6EE004F91A6C037000BD3711</key>
		<dict>
			<key>fileEncoding</key>
			<string>4</string>
			<key>isa</key>
			<string>PBXFileReference</string>
			<key>lastKnownFileType</key>
			<string>sourcecode.c.h</string>
			<key>path</key>
			<string>SBJson.h</string>
			<key>sourceTree</key>
			<string>&lt;group&gt;</string>
		</dict>
		<key>6EE004FA1A6C037000BD3711</key>
		<dict>
			<key>fileEncoding</key>
			<string>4</string>
			<key>isa</key>
			<string>PBXFileReference</string>
			<key>lastKnownFileType</key>
			<string>sourcecode.c.h</string>
			<key>path</key>
			<string>SBJsonParser.h</string>
			<key>sourceTree</key>
			<string>&lt;group&gt;</string>
		</dict>
		<key>6EE004FB1A6C037000BD3711</key>
		<dict>
			<key>fileEncoding</key>
			<string>4</string>
			<key>isa</key>
			<string>PBXFileReference</string>
			<key>lastKnownFileType</key>
			<string>sourcecode.c.h</string>
			<key>path</key>
			<string>SBJsonStreamParser.h</string>
			<key>sourceTree</key>
			<string>&lt;group&gt;</string>
		</dict>
		<key>6EE004FC1A6C037000BD3711</key>
		<dict>
			<key>fileEncoding</key>
			<string>4</string>
			<key>isa</key>
			<string>PBXFileReference</string>
			<key>lastKnownFileType</key>
			<string>sourcecode.c.h</string>
			<key>path</key>
			<string>SBJsonStreamParserAccumulator.h</string>
			<key>sourceTree</key>
			<string>&lt;group&gt;</string>
		</dict>
		<key>6EE004FD1A6C037000BD3711</key>
		<dict>
			<key>fileEncoding</key>
			<string>4</string>
			<key>isa</key>
			<string>PBXFileReference</string>
			<key>lastKnownFileType</key>
			<string>sourcecode.c.h</string>
			<key>path</key>
			<string>SBJsonStreamParserAdapter.h</string>
			<key>sourceTree</key>
			<string>&lt;group&gt;</string>
		</dict>
		<key>6EE004FE1A6C037000BD3711</key>
		<dict>
			<key>fileEncoding</key>
			<string>4</string>
			<key>isa</key>
			<string>PBXFileReference</string>
			<key>lastKnownFileType</key>
			<string>sourcecode.c.h</string>
			<key>path</key>
			<string>SBJsonStreamParserState.h</string>
			<key>sourceTree</key>
			<string>&lt;group&gt;</string>
		</dict>
		<key>6EE004FF1A6C037000BD3711</key>
		<dict>
			<key>fileEncoding</key>
			<string>4</string>
			<key>isa</key>
			<string>PBXFileReference</string>
			<key>lastKnownFileType</key>
			<string>sourcecode.c.h</string>
			<key>path</key>
			<string>SBJsonStreamWriter.h</string>
			<key>sourceTree</key>
			<string>&lt;group&gt;</string>
		</dict>
		<key>6EE005001A6C037000BD3711</key>
		<dict>
			<key>fileEncoding</key>
			<string>4</string>
			<key>isa</key>
			<string>PBXFileReference</string>
			<key>lastKnownFileType</key>
			<string>sourcecode.c.h</string>
			<key>path</key>
			<string>SBJsonStreamWriterAccumulator.h</string>
			<key>sourceTree</key>
			<string>&lt;group&gt;</string>
		</dict>
		<key>6EE005011A6C037000BD3711</key>
		<dict>
			<key>fileEncoding</key>
			<string>4</string>
			<key>isa</key>
			<string>PBXFileReference</string>
			<key>lastKnownFileType</key>
			<string>sourcecode.c.h</string>
			<key>path</key>
			<string>SBJsonStreamWriterState.h</string>
			<key>sourceTree</key>
			<string>&lt;group&gt;</string>
		</dict>
		<key>6EE005021A6C037000BD3711</key>
		<dict>
			<key>fileEncoding</key>
			<string>4</string>
			<key>isa</key>
			<string>PBXFileReference</string>
			<key>lastKnownFileType</key>
			<string>sourcecode.c.h</string>
			<key>path</key>
			<string>SBJsonTokeniser.h</string>
			<key>sourceTree</key>
			<string>&lt;group&gt;</string>
		</dict>
		<key>6EE005031A6C037000BD3711</key>
		<dict>
			<key>fileEncoding</key>
			<string>4</string>
			<key>isa</key>
			<string>PBXFileReference</string>
			<key>lastKnownFileType</key>
			<string>sourcecode.c.h</string>
			<key>path</key>
			<string>SBJsonUTF8Stream.h</string>
			<key>sourceTree</key>
			<string>&lt;group&gt;</string>
		</dict>
		<key>6EE005041A6C037000BD3711</key>
		<dict>
			<key>fileEncoding</key>
			<string>4</string>
			<key>isa</key>
			<string>PBXFileReference</string>
			<key>lastKnownFileType</key>
			<string>sourcecode.c.h</string>
			<key>path</key>
			<string>SBJsonWriter.h</string>
			<key>sourceTree</key>
			<string>&lt;group&gt;</string>
		</dict>
		<key>6EE005051A6C037000BD3711</key>
		<dict>
			<key>fileEncoding</key>
			<string>4</string>
			<key>isa</key>
			<string>PBXFileReference</string>
			<key>lastKnownFileType</key>
			<string>sourcecode.c.h</string>
			<key>path</key>
			<string>WidgetOneDelegate.h</string>
			<key>sourceTree</key>
			<string>&lt;group&gt;</string>
		</dict>
		<key>75E040F784C9F24898EAC18A</key>
		<dict>
			<key>fileEncoding</key>
			<string>4</string>
			<key>isa</key>
			<string>PBXFileReference</string>
			<key>lastKnownFileType</key>
			<string>archive.ar</string>
			<key>name</key>
			<string>libc++.tbd</string>
			<key>path</key>
			<string>usr/lib/libc++.tbd</string>
			<key>sourceTree</key>
			<string>SDKROOT</string>
		</dict>
		<key>75E53177E5A2AFC7EB4DA697</key>
		<dict>
			<key>fileRef</key>
			<string>28FB7C6F1FF42790B7659EC5</string>
			<key>isa</key>
			<string>PBXBuildFile</string>
		</dict>
		<key>851AF58AC0493B3F210ABA04</key>
		<dict>
			<key>fileRef</key>
			<string>C0E3EF4FC6764299DF3DA86C</string>
			<key>isa</key>
			<string>PBXBuildFile</string>
		</dict>
		<key>86ADDC6F484314B3CAD2F921</key>
		<dict>
			<key>buildActionMask</key>
			<string>2147483647</string>
			<key>files</key>
			<array>
				<string>65232907255FC5EF7874EA48</string>
			</array>
			<key>isa</key>
			<string>PBXResourcesBuildPhase</string>
			<key>runOnlyForDeploymentPostprocessing</key>
			<string>0</string>
		</dict>
		<key>89B9F74814A767764DDE1066</key>
		<dict>
			<key>fileEncoding</key>
			<string>4</string>
			<key>isa</key>
			<string>PBXFileReference</string>
			<key>lastKnownFileType</key>
			<string>archive.ar</string>
			<key>name</key>
			<string>libstdc++.tbd</string>
			<key>path</key>
			<string>usr/lib/libstdc++.tbd</string>
			<key>sourceTree</key>
			<string>SDKROOT</string>
		</dict>
		<key>91ABA7D16AFA51FCCF0B8813</key>
		<dict>
			<key>fileRef</key>
			<string>9E16485656843024DA91A19A</string>
			<key>isa</key>
			<string>PBXBuildFile</string>
		</dict>
		<key>9E16485656843024DA91A19A</key>
		<dict>
			<key>fileEncoding</key>
			<string>4</string>
			<key>isa</key>
			<string>PBXFileReference</string>
			<key>lastKnownFileType</key>
			<string>archive.ar</string>
			<key>name</key>
			<string>libsqlite3.tbd</string>
			<key>path</key>
			<string>usr/lib/libsqlite3.tbd</string>
			<key>sourceTree</key>
			<string>SDKROOT</string>
		</dict>
		<key>A497B5B9FAEF4F0E6A2AC56A</key>
		<dict>
			<key>fileRef</key>
			<string>E0E8FDCCBDC8BB579AEBCE98</string>
			<key>isa</key>
			<string>PBXBuildFile</string>
		</dict>
		<key>AF0B8C606EFE486F13E615F7</key>
		<dict>
			<key>fileEncoding</key>
			<string>4</string>
			<key>isa</key>
			<string>PBXFileReference</string>
			<key>lastKnownFileType</key>
			<string>wrapper.framework</string>
			<key>name</key>
			<string>AppCanEngine.framework</string>
			<key>path</key>
			<string>../../../AppCanPluginTools-iOS/resource/IDEPluginProjectPackageResource/AppCanEngine.framework</string>
			<key>sourceTree</key>
			<string>&lt;group&gt;</string>
		</dict>
		<key>B8497D1127526B407C9C976E</key>
		<dict>
			<key>fileEncoding</key>
			<string>4</string>
			<key>isa</key>
			<string>PBXFileReference</string>
			<key>lastKnownFileType</key>
			<string>wrapper.framework</string>
			<key>name</key>
			<string>AudioToolbox.framework</string>
			<key>path</key>
			<string>System/Library/Frameworks/AudioToolbox.framework</string>
			<key>sourceTree</key>
			<string>SDKROOT</string>
		</dict>
		<key>B9D988F0AEFD875658C95F19</key>
		<dict>
			<key>fileEncoding</key>
			<string>4</string>
			<key>isa</key>
			<string>PBXFileReference</string>
			<key>lastKnownFileType</key>
			<string>wrapper.framework</string>
			<key>name</key>
			<string>ImageIO.framework</string>
			<key>path</key>
			<string>System/Library/Frameworks/ImageIO.framework</string>
			<key>sourceTree</key>
			<string>SDKROOT</string>
		</dict>
		<key>BCC4690FB85DB447F70D4C33</key>
		<dict>
			<key>fileRef</key>
			<string>B9D988F0AEFD875658C95F19</string>
			<key>isa</key>
			<string>PBXBuildFile</string>
		</dict>
		<key>C0E3EF4FC6764299DF3DA86C</key>
		<dict>
			<key>fileEncoding</key>
			<string>4</string>
			<key>isa</key>
			<string>PBXFileReference</string>
			<key>lastKnownFileType</key>
			<string>wrapper.framework</string>
			<key>name</key>
			<string>UIKit.framework</string>
			<key>path</key>
			<string>System/Library/Frameworks/UIKit.framework</string>
			<key>sourceTree</key>
			<string>SDKROOT</string>
		</dict>
		<key>C65681081B15B301003AB65E</key>
		<dict>
			<key>fileEncoding</key>
			<string>4</string>
			<key>isa</key>
			<string>PBXFileReference</string>
			<key>lastKnownFileType</key>
			<string>sourcecode.c.h</string>
			<key>path</key>
			<string>ColorConvert.h</string>
			<key>sourceTree</key>
			<string>&lt;group&gt;</string>
		</dict>
		<key>C65681091B15B301003AB65E</key>
		<dict>
			<key>fileEncoding</key>
			<string>4</string>
			<key>isa</key>
			<string>PBXFileReference</string>
			<key>lastKnownFileType</key>
			<string>sourcecode.c.objc</string>
			<key>path</key>
			<string>ColorConvert.m</string>
			<key>sourceTree</key>
			<string>&lt;group&gt;</string>
		</dict>
		<key>C656810A1B15B301003AB65E</key>
		<dict>
			<key>fileRef</key>
			<string>C65681091B15B301003AB65E</string>
			<key>isa</key>
			<string>PBXBuildFile</string>
		</dict>
		<key>DC140E6F85A45CF945715F1C</key>
		<dict>
			<key>fileEncoding</key>
			<string>4</string>
			<key>isa</key>
			<string>PBXFileReference</string>
			<key>lastKnownFileType</key>
			<string>text.plist.strings</string>
			<key>name</key>
			<string>info.plist</string>
			<key>path</key>
			<string>../../../AppCanPluginTools-iOS/resource/IDEPluginProjectPackageResource/info.plist</string>
			<key>sourceTree</key>
			<string>&lt;group&gt;</string>
		</dict>
		<key>DD6DB3BCF079AD5ABD3D8B09</key>
		<dict>
			<key>fileRef</key>
			<string>3C1416CDE0BD0CBC54A2F5D9</string>
			<key>isa</key>
			<string>PBXBuildFile</string>
		</dict>
		<key>E0E8FDCCBDC8BB579AEBCE98</key>
		<dict>
			<key>fileEncoding</key>
			<string>4</string>
			<key>isa</key>
			<string>PBXFileReference</string>
			<key>lastKnownFileType</key>
			<string>archive.ar</string>
			<key>name</key>
			<string>libz.tbd</string>
			<key>path</key>
			<string>usr/lib/libz.tbd</string>
			<key>sourceTree</key>
			<string>SDKROOT</string>
		</dict>
		<key>E6A47B5360F37DFB003AF013</key>
		<dict>
			<key>fileRef</key>
			<string>B8497D1127526B407C9C976E</string>
			<key>isa</key>
			<string>PBXBuildFile</string>
		</dict>
		<key>EADCFD0CB4DE4EC5FA68D88D</key>
		<dict>
			<key>fileRef</key>
			<string>674CBF59447122D8AB87FFB3</string>
			<key>isa</key>
			<string>PBXBuildFile</string>
		</dict>
		<key>F7BF1B86BA19DADD3F434879</key>
		<dict>
			<key>children</key>
			<array>
				<string>FF4A3B7374E38036927B8668</string>
				<string>B8497D1127526B407C9C976E</string>
				<string>3C1416CDE0BD0CBC54A2F5D9</string>
				<string>B9D988F0AEFD875658C95F19</string>
				<string>674CBF59447122D8AB87FFB3</string>
				<string>3D095F1E6A94EB55F34635ED</string>
				<string>C0E3EF4FC6764299DF3DA86C</string>
				<string>0C13669FBBCA95EF9AFA6D66</string>
				<string>28FB7C6F1FF42790B7659EC5</string>
				<string>75E040F784C9F24898EAC18A</string>
				<string>89B9F74814A767764DDE1066</string>
				<string>9E16485656843024DA91A19A</string>
				<string>E0E8FDCCBDC8BB579AEBCE98</string>
			</array>
			<key>isa</key>
			<string>PBXGroup</string>
			<key>path</key>
			<string>IDE-Frameworks</string>
			<key>sourceTree</key>
			<string>&lt;group&gt;</string>
		</dict>
		<key>FF4A3B7374E38036927B8668</key>
		<dict>
			<key>fileEncoding</key>
			<string>4</string>
			<key>isa</key>
			<string>PBXFileReference</string>
			<key>lastKnownFileType</key>
			<string>wrapper.framework</string>
			<key>name</key>
			<string>MapKit.framework</string>
			<key>path</key>
			<string>System/Library/Frameworks/MapKit.framework</string>
			<key>sourceTree</key>
			<string>SDKROOT</string>
		</dict>
	</dict>
	<key>rootObject</key>
	<string>6EE004BA1A6C032300BD3711</string>
</dict>
</plist>
